{
  "name": "jupyter-next",
  "version": "1.1.0",
  "lockfileVersion": 3,
  "requires": true,
  "packages": {
    "": {
      "name": "jupyter-next",
      "version": "1.0.1",
      "license": "MIT",
      "dependencies": {
        "anser": "^2.3.3",
        "plotly.js-dist": "^3.6.0",
        "uuid": "^11.1.0"
      },
      "engines": {
        "atom": ">=1.100.0 <2.0.0"
      }
    },
    "node_modules/anser": {
      "version": "2.3.5",
      "resolved": "https://registry.npmjs.org/anser/-/anser-2.3.5.tgz",
      "integrity": "sha512-vcZjxvvVoxTeR5XBNJB38oTu/7eDCZlwdz32N1eNgpyPF7j/Z7Idf+CUwQOkKKpJ7RJyjxgLHCM7vdIK0iCNMQ=="
    },
    "node_modules/plotly.js-dist": {
      "version": "3.6.0",
      "resolved": "https://registry.npmjs.org/plotly.js-dist/-/plotly.js-dist-3.6.0.tgz",
      "integrity": "sha512-2h4MMbY6wBx6qfF7b5sX4S/6lnu/YAi2nHA0SB/OPO/I1jVmC6LfTGXiQcOmuYZTha4CLmtZAh5Iv9ApWMFEBQ=="
    },
    "node_modules/uuid": {
      "version": "11.1.1",
      "resolved": "https://registry.npmjs.org/uuid/-/uuid-11.1.1.tgz",
      "integrity": "sha512-vIYxrBCC/N/K+Js3qSN88go7kIfNPssr/hHCesKCQNAjmgvYS2oqr69kIufEG+O4+PfezOH4EbIeHCfFov8ZgQ==",
      "funding": [
        "https://github.com/sponsors/broofa",
        "https://github.com/sponsors/ctavan"
      ],
      "bin": {
        "uuid": "dist/esm/bin/uuid"
      }
    }
  }
}
